# This file is autogenerated, do not edit; changes may be undone by the next 'dep ensure'.


[[projects]]
  name = "github.com/ikawaha/kagome"
  packages = ["internal/da","internal/dic","internal/dic/data","internal/lattice","tokenizer"]
  revision = "a01f016539a1b763dfae43303e3ee45fc52db937"
  version = "v1.7.1"

[solve-meta]
  analyzer-name = "dep"
  analyzer-version = 1
  inputs-digest = "0946aa5682af90b8ab4479020c7373dc7e15ebd8cd9e3b47ca655f4390324405"
  solver-name = "gps-cdcl"
  solver-version = 1
